
Microsoft Visual Studio Solution File, Format Version 12.00
Project("{FAE04EC0-301F-11D3-BF4B-00C04F79EFBC}") = "StopWatch", "StopWatch\StopWatch.csproj", "{8B7A7D8E-FD15-49A3-AD50-FDA0C9B442CB}"
EndProject
Global
	GlobalSection(SolutionConfigurationPlatforms) = preSolution
		Debug|Any CPU = Debug|Any CPU
		Release|Any CPU = Release|Any CPU
	EndGlobalSection
	GlobalSection(ProjectConfigurationPlatforms) = postSolution
		{8B7A7D8E-FD15-49A3-AD50-FDA0C9B442CB}.Debug|Any CPU.ActiveCfg = Debug|Any CPU
		{8B7A7D8E-FD15-49A3-AD50-FDA0C9B442CB}.Debug|Any CPU.Build.0 = Debug|Any CPU
		{8B7A7D8E-FD15-49A3-AD50-FDA0C9B442CB}.Release|Any CPU.ActiveCfg = Release|Any CPU
		{8B7A7D8E-FD15-49A3-AD50-FDA0C9B442CB}.Release|Any CPU.Build.0 = Release|Any CPU
	EndGlobalSection
EndGlobal
